
Microsoft Visual Studio Solution File, Format Version 12.00
# Visual Studio Version 16
VisualStudioVersion = 16.0.29806.167
MinimumVisualStudioVersion = 10.0.40219.1
Project("{FAE04EC0-301F-11D3-BF4B-00C04F79EFBC}") = "Blink Camera Viewer", "Blink Camera Viewer\Blink Camera Viewer.csproj", "{A9EA395F-CDE5-40E6-B9A8-77E81F2AFF87}"
EndProject
Global
	GlobalSection(SolutionConfigurationPlatforms) = preSolution
		Debug|Any CPU = Debug|Any CPU
		Release|Any CPU = Release|Any CPU
	EndGlobalSection
	GlobalSection(ProjectConfigurationPlatforms) = postSolution
		{A9EA395F-CDE5-40E6-B9A8-77E81F2AFF87}.Debug|Any CPU.ActiveCfg = Debug|Any CPU
		{A9EA395F-CDE5-40E6-B9A8-77E81F2AFF87}.Debug|Any CPU.Build.0 = Debug|Any CPU
		{A9EA395F-CDE5-40E6-B9A8-77E81F2AFF87}.Release|Any CPU.ActiveCfg = Release|Any CPU
		{A9EA395F-CDE5-40E6-B9A8-77E81F2AFF87}.Release|Any CPU.Build.0 = Release|Any CPU
	EndGlobalSection
	GlobalSection(SolutionProperties) = preSolution
		HideSolutionNode = FALSE
	EndGlobalSection
	GlobalSection(ExtensibilityGlobals) = postSolution
		SolutionGuid = {5657792D-FCE6-49A1-99C5-BAAB139CEF64}
	EndGlobalSection
EndGlobal
